
Microsoft Visual Studio Solution File, Format Version 12.00
# Visual Studio Version 17
VisualStudioVersion = 17.1.32228.430
MinimumVisualStudioVersion = 10.0.40219.1
Project("{9A19103F-16F7-4668-BE54-9A1E7A4F7556}") = "5wYuhanCshap-01", "5wYuhanCshap-1\5wYuhanCshap-01.csproj", "{6A5A1F2A-AFC8-448C-829A-7BEC5E7B7E26}"
EndProject
Project("{9A19103F-16F7-4668-BE54-9A1E7A4F7556}") = "5wYuhanCshap-02", "5wYuhanCshap-2\5wYuhanCshap-02.csproj", "{00E35B01-B0FA-4741-AC39-85373A39C1D5}"
EndProject
Project("{9A19103F-16F7-4668-BE54-9A1E7A4F7556}") = "5wYuhanCshap-03", "5wYuhanCshap\5wYuhanCshap-03.csproj", "{B00ACB50-F398-4762-8979-9AB43B961F4C}"
EndProject
Project("{9A19103F-16F7-4668-BE54-9A1E7A4F7556}") = "5wYuhanCshap-11", "5wYuhanCshap-11\5wYuhanCshap-11.csproj", "{40C23109-E75D-4483-9F78-EBB5F0A33A63}"
EndProject
Project("{9A19103F-16F7-4668-BE54-9A1E7A4F7556}") = "5wYuhanCshap-12", "5wYuhanCshap-12\5wYuhanCshap-12.csproj", "{11C4AACA-E3EB-4509-AB17-DCE5A37E4BEE}"
EndProject
Project("{9A19103F-16F7-4668-BE54-9A1E7A4F7556}") = "5wYuhanCshap-13", "5wYuhanCshap-13\5wYuhanCshap-13.csproj", "{49E050B7-A4E9-4984-B95B-948C480F19E2}"
EndProject
Project("{9A19103F-16F7-4668-BE54-9A1E7A4F7556}") = "5wYuhanCshap-14", "5wYuhanCshap-14\5wYuhanCshap-14.csproj", "{8CFE770E-F622-4898-BE19-D833FEF1D5BC}"
EndProject
Project("{9A19103F-16F7-4668-BE54-9A1E7A4F7556}") = "4wYuhanCshap-10", "4wYuhanCshap-10\4wYuhanCshap-10.csproj", "{785745F3-EF29-4671-83BA-40DC81464136}"
EndProject
Project("{9A19103F-16F7-4668-BE54-9A1E7A4F7556}") = "4wYuhanCshap-11", "4wYuhanCshap-11\4wYuhanCshap-11.csproj", "{0B0937C5-3C36-4F96-AADB-67324143E75F}"
EndProject
Project("{9A19103F-16F7-4668-BE54-9A1E7A4F7556}") = "4wYuhanCshap-12", "4wYuhanCshap-12\4wYuhanCshap-12.csproj", "{4CDE11C1-28F0-4BAC-88F2-ADEFF44877AA}"
EndProject
Project("{9A19103F-16F7-4668-BE54-9A1E7A4F7556}") = "4wYuhanCshap-13", "4wYuhanCshap-13\4wYuhanCshap-13.csproj", "{BB4ACD05-8972-4A3A-8887-C5BCE6A97D4A}"
EndProject
Project("{9A19103F-16F7-4668-BE54-9A1E7A4F7556}") = "4wYuhanCshap-14", "4wYuhanCshap-14\4wYuhanCshap-14.csproj", "{5ADB2B9B-106A-473D-89EE-3915F8D4E4D2}"
EndProject
Project("{9A19103F-16F7-4668-BE54-9A1E7A4F7556}") = "4wYuhanCshap-15", "4wYuhanCshap-15\4wYuhanCshap-15.csproj", "{62AC1CF9-A6B4-4D99-BFF0-6C2307D7820C}"
EndProject
Project("{9A19103F-16F7-4668-BE54-9A1E7A4F7556}") = "5wYuhanCshap-04", "5wYuhanCshap-4\5wYuhanCshap-04.csproj", "{B5AFC7E3-4B3A-4066-8DEB-C7CD1CA37E5B}"
EndProject
Project("{9A19103F-16F7-4668-BE54-9A1E7A4F7556}") = "5wYuhanCshap-05", "5wYuhanCshap-5\5wYuhanCshap-05.csproj", "{5E77D8E3-C8E4-48F7-86B5-8053E813C8DF}"
EndProject
Project("{9A19103F-16F7-4668-BE54-9A1E7A4F7556}") = "5wYuhanCshap-06", "5wYuhanCshap-6\5wYuhanCshap-06.csproj", "{E2CD020B-6D1B-4B2E-A7B8-EB6DE9F814B9}"
EndProject
Project("{9A19103F-16F7-4668-BE54-9A1E7A4F7556}") = "5wYuhanCshap-07", "5wYuhanCshap-7\5wYuhanCshap-07.csproj", "{BF169125-483E-4129-95A3-C768EB23FBC9}"
EndProject
Project("{9A19103F-16F7-4668-BE54-9A1E7A4F7556}") = "5wYuhanCshap-08", "5wYuhanCshap-8\5wYuhanCshap-08.csproj", "{09F7FECB-7D80-485F-BD38-65049C4E4590}"
EndProject
Project("{9A19103F-16F7-4668-BE54-9A1E7A4F7556}") = "5wYuhanCshap-09", "5wYuhanCshap-9\5wYuhanCshap-09.csproj", "{DA56EFCE-24FC-4676-900A-D19F9358842B}"
EndProject
Project("{9A19103F-16F7-4668-BE54-9A1E7A4F7556}") = "5wYuhanCshap-10", "5wYuhanCshap-10\5wYuhanCshap-10.csproj", "{AB88CD33-06A5-4C3C-91A9-5E981B353D87}"
EndProject
Project("{9A19103F-16F7-4668-BE54-9A1E7A4F7556}") = "5wYuhanCshap-15", "5wYuhanCshap-15\5wYuhanCshap-15.csproj", "{EBAFF5F1-3C5B-46C5-BD7A-7BEDB2B359B3}"
EndProject
Project("{9A19103F-16F7-4668-BE54-9A1E7A4F7556}") = "5wYuhanCshap-16", "5wYuhanCshap-16\5wYuhanCshap-16.csproj", "{1F192D0A-F9E0-47BE-97AE-5B4FAF460137}"
EndProject
Project("{9A19103F-16F7-4668-BE54-9A1E7A4F7556}") = "5wYuhanCshap-17", "5wYuhanCshap-17\5wYuhanCshap-17.csproj", "{7BA22680-2BED-4663-938D-152C9585DD92}"
EndProject
Project("{9A19103F-16F7-4668-BE54-9A1E7A4F7556}") = "5wYuhanCshap-18", "5wYuhanCshap-18\5wYuhanCshap-18.csproj", "{1CA467DC-4B7B-4DCA-B633-9A543DA9DE28}"
EndProject
Project("{9A19103F-16F7-4668-BE54-9A1E7A4F7556}") = "5wYuhanCshap-19", "5wYuhanCshap-19\5wYuhanCshap-19.csproj", "{40531C93-8C87-474B-B9FB-2E5AEB383B73}"
EndProject
Project("{9A19103F-16F7-4668-BE54-9A1E7A4F7556}") = "5wYuhanCshap-20", "5wYuhanCshap-20\5wYuhanCshap-20.csproj", "{4E1D818F-0D46-46C8-94B9-DC032C9E6604}"
EndProject
Project("{9A19103F-16F7-4668-BE54-9A1E7A4F7556}") = "1wYuhanCshap-Overloading", "1wYuhanCshap-Overloading\1wYuhanCshap-Overloading.csproj", "{C84F628F-B8CB-416D-B960-E7B8F9887D41}"
EndProject
Project("{8BC9CEB8-8B4A-11D0-8D11-00A0C91BC942}") = "PP01", "..\PP05\PP01\PP01.vcxproj", "{1E72C7B5-C19C-44AB-AE58-639EF71534D7}"
EndProject
Project("{8BC9CEB8-8B4A-11D0-8D11-00A0C91BC942}") = "PP02", "..\PP05\PP02\PP02.vcxproj", "{18761BA6-D048-430C-A148-216C2EC57489}"
EndProject
Project("{8BC9CEB8-8B4A-11D0-8D11-00A0C91BC942}") = "PP03", "..\PP05\PP03\PP03.vcxproj", "{09F40271-8280-47CF-8AC2-A16B5FC62428}"
EndProject
Project("{8BC9CEB8-8B4A-11D0-8D11-00A0C91BC942}") = "PP04", "..\PP05\PP04\PP04.vcxproj", "{C2D0746F-1794-4CBB-BB98-1579017D327E}"
EndProject
Project("{9A19103F-16F7-4668-BE54-9A1E7A4F7556}") = "1wYuhanCshap-Boxing", "1wYuhanCshap-Boxing\1wYuhanCshap-Boxing.csproj", "{47A533E4-3000-4E8E-BB63-82B035B07B5F}"
EndProject
Project("{9A19103F-16F7-4668-BE54-9A1E7A4F7556}") = "1wYuhanCshap-Overriding", "1wYuhanCshap-Overriding\1wYuhanCshap-Overriding.csproj", "{7605BB7F-3722-4013-9C38-9863A57E9C65}"
EndProject
Project("{9A19103F-16F7-4668-BE54-9A1E7A4F7556}") = "4wYuhanCshap-02", "4wYuhanCshap-02\4wYuhanCshap-02.csproj", "{50A4C6FD-8171-4621-8D17-0065ACA6D345}"
EndProject
Project("{9A19103F-16F7-4668-BE54-9A1E7A4F7556}") = "4wYuhanCshap-03", "4wYuhanCshap-03\4wYuhanCshap-03.csproj", "{405DA0C4-5F98-4C8A-B37A-809EB453EEE0}"
EndProject
Project("{9A19103F-16F7-4668-BE54-9A1E7A4F7556}") = "4wYuhanCshap-04", "4wYuhanCshap-04\4wYuhanCshap-04.csproj", "{48B3245A-D208-4709-884C-D2BBDA427007}"
EndProject
Project("{9A19103F-16F7-4668-BE54-9A1E7A4F7556}") = "4wYuhanCshap-05", "4wYuhanCshap-05\4wYuhanCshap-05.csproj", "{9B25E281-7F68-477A-841B-95F0765EEB52}"
EndProject
Project("{9A19103F-16F7-4668-BE54-9A1E7A4F7556}") = "4wYuhanCshap-06", "4wYuhanCshap-06\4wYuhanCshap-06.csproj", "{08E36745-C4A0-4431-8397-7FC75EED7504}"
EndProject
Project("{9A19103F-16F7-4668-BE54-9A1E7A4F7556}") = "4wYuhanCshap-07", "4wYuhanCshap-07\4wYuhanCshap-07.csproj", "{8AB44078-5C89-43DE-A17E-1CC88DA3A8A4}"
EndProject
Project("{9A19103F-16F7-4668-BE54-9A1E7A4F7556}") = "4wYuhanCshap-08", "4wYuhanCshap-08\4wYuhanCshap-08.csproj", "{28FBAF46-ECB6-4302-B95B-3942D68B8151}"
EndProject
Project("{9A19103F-16F7-4668-BE54-9A1E7A4F7556}") = "4wYuhanCshap-09", "4wYuhanCshap-09\4wYuhanCshap-09.csproj", "{AD7C32D8-64DF-475E-BD56-AC2E3D9C8C21}"
EndProject
Project("{9A19103F-16F7-4668-BE54-9A1E7A4F7556}") = "4wYuhanCshap-01", "4wYuhanCshap-01\4wYuhanCshap-01.csproj", "{C1CFC18F-AA9C-4418-BCF7-49683A0B1173}"
EndProject
Project("{FAE04EC0-301F-11D3-BF4B-00C04F79EFBC}") = "6wYuhanCshap-01", "6wYuhanCshap-01\6wYuhanCshap-01.csproj", "{4502E640-A3B9-4C77-AECC-C7D27D26F3C9}"
EndProject
Project("{FAE04EC0-301F-11D3-BF4B-00C04F79EFBC}") = "6wYuhanCshap-02", "6wYuhanCshap-02\6wYuhanCshap-02.csproj", "{A2CA9F12-F830-40AA-B641-AADF9E90E337}"
EndProject
Project("{FAE04EC0-301F-11D3-BF4B-00C04F79EFBC}") = "6wYuhanCshap-03", "6wYuhanCshap-03\6wYuhanCshap-03.csproj", "{F2B62904-BCE3-407E-A3A3-DB0D3B97B05C}"
EndProject
Global
	GlobalSection(SolutionConfigurationPlatforms) = preSolution
		Debug|Any CPU = Debug|Any CPU
		Debug|x64 = Debug|x64
		Debug|x86 = Debug|x86
		Release|Any CPU = Release|Any CPU
		Release|x64 = Release|x64
		Release|x86 = Release|x86
	EndGlobalSection
	GlobalSection(ProjectConfigurationPlatforms) = postSolution
		{6A5A1F2A-AFC8-448C-829A-7BEC5E7B7E26}.Debug|Any CPU.ActiveCfg = Debug|Any CPU
		{6A5A1F2A-AFC8-448C-829A-7BEC5E7B7E26}.Debug|Any CPU.Build.0 = Debug|Any CPU
		{6A5A1F2A-AFC8-448C-829A-7BEC5E7B7E26}.Debug|x64.ActiveCfg = Debug|Any CPU
		{6A5A1F2A-AFC8-448C-829A-7BEC5E7B7E26}.Debug|x64.Build.0 = Debug|Any CPU
		{6A5A1F2A-AFC8-448C-829A-7BEC5E7B7E26}.Debug|x86.ActiveCfg = Debug|Any CPU
		{6A5A1F2A-AFC8-448C-829A-7BEC5E7B7E26}.Debug|x86.Build.0 = Debug|Any CPU
		{6A5A1F2A-AFC8-448C-829A-7BEC5E7B7E26}.Release|Any CPU.ActiveCfg = Release|Any CPU
		{6A5A1F2A-AFC8-448C-829A-7BEC5E7B7E26}.Release|Any CPU.Build.0 = Release|Any CPU
		{6A5A1F2A-AFC8-448C-829A-7BEC5E7B7E26}.Release|x64.ActiveCfg = Release|Any CPU
		{6A5A1F2A-AFC8-448C-829A-7BEC5E7B7E26}.Release|x64.Build.0 = Release|Any CPU
		{6A5A1F2A-AFC8-448C-829A-7BEC5E7B7E26}.Release|x86.ActiveCfg = Release|Any CPU
		{6A5A1F2A-AFC8-448C-829A-7BEC5E7B7E26}.Release|x86.Build.0 = Release|Any CPU
		{00E35B01-B0FA-4741-AC39-85373A39C1D5}.Debug|Any CPU.ActiveCfg = Debug|Any CPU
		{00E35B01-B0FA-4741-AC39-85373A39C1D5}.Debug|Any CPU.Build.0 = Debug|Any CPU
		{00E35B01-B0FA-4741-AC39-85373A39C1D5}.Debug|x64.ActiveCfg = Debug|Any CPU
		{00E35B01-B0FA-4741-AC39-85373A39C1D5}.Debug|x64.Build.0 = Debug|Any CPU
		{00E35B01-B0FA-4741-AC39-85373A39C1D5}.Debug|x86.ActiveCfg = Debug|Any CPU
		{00E35B01-B0FA-4741-AC39-85373A39C1D5}.Debug|x86.Build.0 = Debug|Any CPU
		{00E35B01-B0FA-4741-AC39-85373A39C1D5}.Release|Any CPU.ActiveCfg = Release|Any CPU
		{00E35B01-B0FA-4741-AC39-85373A39C1D5}.Release|Any CPU.Build.0 = Release|Any CPU
		{00E35B01-B0FA-4741-AC39-85373A39C1D5}.Release|x64.ActiveCfg = Release|Any CPU
		{00E35B01-B0FA-4741-AC39-85373A39C1D5}.Release|x64.Build.0 = Release|Any CPU
		{00E35B01-B0FA-4741-AC39-85373A39C1D5}.Release|x86.ActiveCfg = Release|Any CPU
		{00E35B01-B0FA-4741-AC39-85373A39C1D5}.Release|x86.Build.0 = Release|Any CPU
		{B00ACB50-F398-4762-8979-9AB43B961F4C}.Debug|Any CPU.ActiveCfg = Debug|Any CPU
		{B00ACB50-F398-4762-8979-9AB43B961F4C}.Debug|Any CPU.Build.0 = Debug|Any CPU
		{B00ACB50-F398-4762-8979-9AB43B961F4C}.Debug|x64.ActiveCfg = Debug|Any CPU
		{B00ACB50-F398-4762-8979-9AB43B961F4C}.Debug|x64.Build.0 = Debug|Any CPU
		{B00ACB50-F398-4762-8979-9AB43B961F4C}.Debug|x86.ActiveCfg = Debug|Any CPU
		{B00ACB50-F398-4762-8979-9AB43B961F4C}.Debug|x86.Build.0 = Debug|Any CPU
		{B00ACB50-F398-4762-8979-9AB43B961F4C}.Release|Any CPU.ActiveCfg = Release|Any CPU
		{B00ACB50-F398-4762-8979-9AB43B961F4C}.Release|Any CPU.Build.0 = Release|Any CPU
		{B00ACB50-F398-4762-8979-9AB43B961F4C}.Release|x64.ActiveCfg = Release|Any CPU
		{B00ACB50-F398-4762-8979-9AB43B961F4C}.Release|x64.Build.0 = Release|Any CPU
		{B00ACB50-F398-4762-8979-9AB43B961F4C}.Release|x86.ActiveCfg = Release|Any CPU
		{B00ACB50-F398-4762-8979-9AB43B961F4C}.Release|x86.Build.0 = Release|Any CPU
		{40C23109-E75D-4483-9F78-EBB5F0A33A63}.Debug|Any CPU.ActiveCfg = Debug|Any CPU
		{40C23109-E75D-4483-9F78-EBB5F0A33A63}.Debug|Any CPU.Build.0 = Debug|Any CPU
		{40C23109-E75D-4483-9F78-EBB5F0A33A63}.Debug|x64.ActiveCfg = Debug|Any CPU
		{40C23109-E75D-4483-9F78-EBB5F0A33A63}.Debug|x64.Build.0 = Debug|Any CPU
		{40C23109-E75D-4483-9F78-EBB5F0A33A63}.Debug|x86.ActiveCfg = Debug|Any CPU
		{40C23109-E75D-4483-9F78-EBB5F0A33A63}.Debug|x86.Build.0 = Debug|Any CPU
		{40C23109-E75D-4483-9F78-EBB5F0A33A63}.Release|Any CPU.ActiveCfg = Release|Any CPU
		{40C23109-E75D-4483-9F78-EBB5F0A33A63}.Release|Any CPU.Build.0 = Release|Any CPU
		{40C23109-E75D-4483-9F78-EBB5F0A33A63}.Release|x64.ActiveCfg = Release|Any CPU
		{40C23109-E75D-4483-9F78-EBB5F0A33A63}.Release|x64.Build.0 = Release|Any CPU
		{40C23109-E75D-4483-9F78-EBB5F0A33A63}.Release|x86.ActiveCfg = Release|Any CPU
		{40C23109-E75D-4483-9F78-EBB5F0A33A63}.Release|x86.Build.0 = Release|Any CPU
		{11C4AACA-E3EB-4509-AB17-DCE5A37E4BEE}.Debug|Any CPU.ActiveCfg = Debug|Any CPU
		{11C4AACA-E3EB-4509-AB17-DCE5A37E4BEE}.Debug|Any CPU.Build.0 = Debug|Any CPU
		{11C4AACA-E3EB-4509-AB17-DCE5A37E4BEE}.Debug|x64.ActiveCfg = Debug|Any CPU
		{11C4AACA-E3EB-4509-AB17-DCE5A37E4BEE}.Debug|x64.Build.0 = Debug|Any CPU
		{11C4AACA-E3EB-4509-AB17-DCE5A37E4BEE}.Debug|x86.ActiveCfg = Debug|Any CPU
		{11C4AACA-E3EB-4509-AB17-DCE5A37E4BEE}.Debug|x86.Build.0 = Debug|Any CPU
		{11C4AACA-E3EB-4509-AB17-DCE5A37E4BEE}.Release|Any CPU.ActiveCfg = Release|Any CPU
		{11C4AACA-E3EB-4509-AB17-DCE5A37E4BEE}.Release|Any CPU.Build.0 = Release|Any CPU
		{11C4AACA-E3EB-4509-AB17-DCE5A37E4BEE}.Release|x64.ActiveCfg = Release|Any CPU
		{11C4AACA-E3EB-4509-AB17-DCE5A37E4BEE}.Release|x64.Build.0 = Release|Any CPU
		{11C4AACA-E3EB-4509-AB17-DCE5A37E4BEE}.Release|x86.ActiveCfg = Release|Any CPU
		{11C4AACA-E3EB-4509-AB17-DCE5A37E4BEE}.Release|x86.Build.0 = Release|Any CPU
		{49E050B7-A4E9-4984-B95B-948C480F19E2}.Debug|Any CPU.ActiveCfg = Debug|Any CPU
		{49E050B7-A4E9-4984-B95B-948C480F19E2}.Debug|Any CPU.Build.0 = Debug|Any CPU
		{49E050B7-A4E9-4984-B95B-948C480F19E2}.Debug|x64.ActiveCfg = Debug|Any CPU
		{49E050B7-A4E9-4984-B95B-948C480F19E2}.Debug|x64.Build.0 = Debug|Any CPU
		{49E050B7-A4E9-4984-B95B-948C480F19E2}.Debug|x86.ActiveCfg = Debug|Any CPU
		{49E050B7-A4E9-4984-B95B-948C480F19E2}.Debug|x86.Build.0 = Debug|Any CPU
		{49E050B7-A4E9-4984-B95B-948C480F19E2}.Release|Any CPU.ActiveCfg = Release|Any CPU
		{49E050B7-A4E9-4984-B95B-948C480F19E2}.Release|Any CPU.Build.0 = Release|Any CPU
		{49E050B7-A4E9-4984-B95B-948C480F19E2}.Release|x64.ActiveCfg = Release|Any CPU
		{49E050B7-A4E9-4984-B95B-948C480F19E2}.Release|x64.Build.0 = Release|Any CPU
		{49E050B7-A4E9-4984-B95B-948C480F19E2}.Release|x86.ActiveCfg = Release|Any CPU
		{49E050B7-A4E9-4984-B95B-948C480F19E2}.Release|x86.Build.0 = Release|Any CPU
		{8CFE770E-F622-4898-BE19-D833FEF1D5BC}.Debug|Any CPU.ActiveCfg = Debug|Any CPU
		{8CFE770E-F622-4898-BE19-D833FEF1D5BC}.Debug|Any CPU.Build.0 = Debug|Any CPU
		{8CFE770E-F622-4898-BE19-D833FEF1D5BC}.Debug|x64.ActiveCfg = Debug|Any CPU
		{8CFE770E-F622-4898-BE19-D833FEF1D5BC}.Debug|x64.Build.0 = Debug|Any CPU
		{8CFE770E-F622-4898-BE19-D833FEF1D5BC}.Debug|x86.ActiveCfg = Debug|Any CPU
		{8CFE770E-F622-4898-BE19-D833FEF1D5BC}.Debug|x86.Build.0 = Debug|Any CPU
		{8CFE770E-F622-4898-BE19-D833FEF1D5BC}.Release|Any CPU.ActiveCfg = Release|Any CPU
		{8CFE770E-F622-4898-BE19-D833FEF1D5BC}.Release|Any CPU.Build.0 = Release|Any CPU
		{8CFE770E-F622-4898-BE19-D833FEF1D5BC}.Release|x64.ActiveCfg = Release|Any CPU
		{8CFE770E-F622-4898-BE19-D833FEF1D5BC}.Release|x64.Build.0 = Release|Any CPU
		{8CFE770E-F622-4898-BE19-D833FEF1D5BC}.Release|x86.ActiveCfg = Release|Any CPU
		{8CFE770E-F622-4898-BE19-D833FEF1D5BC}.Release|x86.Build.0 = Release|Any CPU
		{785745F3-EF29-4671-83BA-40DC81464136}.Debug|Any CPU.ActiveCfg = Debug|Any CPU
		{785745F3-EF29-4671-83BA-40DC81464136}.Debug|Any CPU.Build.0 = Debug|Any CPU
		{785745F3-EF29-4671-83BA-40DC81464136}.Debug|x64.ActiveCfg = Debug|Any CPU
		{785745F3-EF29-4671-83BA-40DC81464136}.Debug|x64.Build.0 = Debug|Any CPU
		{785745F3-EF29-4671-83BA-40DC81464136}.Debug|x86.ActiveCfg = Debug|Any CPU
		{785745F3-EF29-4671-83BA-40DC81464136}.Debug|x86.Build.0 = Debug|Any CPU
		{785745F3-EF29-4671-83BA-40DC81464136}.Release|Any CPU.ActiveCfg = Release|Any CPU
		{785745F3-EF29-4671-83BA-40DC81464136}.Release|Any CPU.Build.0 = Release|Any CPU
		{785745F3-EF29-4671-83BA-40DC81464136}.Release|x64.ActiveCfg = Release|Any CPU
		{785745F3-EF29-4671-83BA-40DC81464136}.Release|x64.Build.0 = Release|Any CPU
		{785745F3-EF29-4671-83BA-40DC81464136}.Release|x86.ActiveCfg = Release|Any CPU
		{785745F3-EF29-4671-83BA-40DC81464136}.Release|x86.Build.0 = Release|Any CPU
		{0B0937C5-3C36-4F96-AADB-67324143E75F}.Debug|Any CPU.ActiveCfg = Debug|Any CPU
		{0B0937C5-3C36-4F96-AADB-67324143E75F}.Debug|Any CPU.Build.0 = Debug|Any CPU
		{0B0937C5-3C36-4F96-AADB-67324143E75F}.Debug|x64.ActiveCfg = Debug|Any CPU
		{0B0937C5-3C36-4F96-AADB-67324143E75F}.Debug|x64.Build.0 = Debug|Any CPU
		{0B0937C5-3C36-4F96-AADB-67324143E75F}.Debug|x86.ActiveCfg = Debug|Any CPU
		{0B0937C5-3C36-4F96-AADB-67324143E75F}.Debug|x86.Build.0 = Debug|Any CPU
		{0B0937C5-3C36-4F96-AADB-67324143E75F}.Release|Any CPU.ActiveCfg = Release|Any CPU
		{0B0937C5-3C36-4F96-AADB-67324143E75F}.Release|Any CPU.Build.0 = Release|Any CPU
		{0B0937C5-3C36-4F96-AADB-67324143E75F}.Release|x64.ActiveCfg = Release|Any CPU
		{0B0937C5-3C36-4F96-AADB-67324143E75F}.Release|x64.Build.0 = Release|Any CPU
		{0B0937C5-3C36-4F96-AADB-67324143E75F}.Release|x86.ActiveCfg = Release|Any CPU
		{0B0937C5-3C36-4F96-AADB-67324143E75F}.Release|x86.Build.0 = Release|Any CPU
		{4CDE11C1-28F0-4BAC-88F2-ADEFF44877AA}.Debug|Any CPU.ActiveCfg = Debug|Any CPU
		{4CDE11C1-28F0-4BAC-88F2-ADEFF44877AA}.Debug|Any CPU.Build.0 = Debug|Any CPU
		{4CDE11C1-28F0-4BAC-88F2-ADEFF44877AA}.Debug|x64.ActiveCfg = Debug|Any CPU
		{4CDE11C1-28F0-4BAC-88F2-ADEFF44877AA}.Debug|x64.Build.0 = Debug|Any CPU
		{4CDE11C1-28F0-4BAC-88F2-ADEFF44877AA}.Debug|x86.ActiveCfg = Debug|Any CPU
		{4CDE11C1-28F0-4BAC-88F2-ADEFF44877AA}.Debug|x86.Build.0 = Debug|Any CPU
		{4CDE11C1-28F0-4BAC-88F2-ADEFF44877AA}.Release|Any CPU.ActiveCfg = Release|Any CPU
		{4CDE11C1-28F0-4BAC-88F2-ADEFF44877AA}.Release|Any CPU.Build.0 = Release|Any CPU
		{4CDE11C1-28F0-4BAC-88F2-ADEFF44877AA}.Release|x64.ActiveCfg = Release|Any CPU
		{4CDE11C1-28F0-4BAC-88F2-ADEFF44877AA}.Release|x64.Build.0 = Release|Any CPU
		{4CDE11C1-28F0-4BAC-88F2-ADEFF44877AA}.Release|x86.ActiveCfg = Release|Any CPU
		{4CDE11C1-28F0-4BAC-88F2-ADEFF44877AA}.Release|x86.Build.0 = Release|Any CPU
		{BB4ACD05-8972-4A3A-8887-C5BCE6A97D4A}.Debug|Any CPU.ActiveCfg = Debug|Any CPU
		{BB4ACD05-8972-4A3A-8887-C5BCE6A97D4A}.Debug|Any CPU.Build.0 = Debug|Any CPU
		{BB4ACD05-8972-4A3A-8887-C5BCE6A97D4A}.Debug|x64.ActiveCfg = Debug|Any CPU
		{BB4ACD05-8972-4A3A-8887-C5BCE6A97D4A}.Debug|x64.Build.0 = Debug|Any CPU
		{BB4ACD05-8972-4A3A-8887-C5BCE6A97D4A}.Debug|x86.ActiveCfg = Debug|Any CPU
		{BB4ACD05-8972-4A3A-8887-C5BCE6A97D4A}.Debug|x86.Build.0 = Debug|Any CPU
		{BB4ACD05-8972-4A3A-8887-C5BCE6A97D4A}.Release|Any CPU.ActiveCfg = Release|Any CPU
		{BB4ACD05-8972-4A3A-8887-C5BCE6A97D4A}.Release|Any CPU.Build.0 = Release|Any CPU
		{BB4ACD05-8972-4A3A-8887-C5BCE6A97D4A}.Release|x64.ActiveCfg = Release|Any CPU
		{BB4ACD05-8972-4A3A-8887-C5BCE6A97D4A}.Release|x64.Build.0 = Release|Any CPU
		{BB4ACD05-8972-4A3A-8887-C5BCE6A97D4A}.Release|x86.ActiveCfg = Release|Any CPU
		{BB4ACD05-8972-4A3A-8887-C5BCE6A97D4A}.Release|x86.Build.0 = Release|Any CPU
		{5ADB2B9B-106A-473D-89EE-3915F8D4E4D2}.Debug|Any CPU.ActiveCfg = Debug|Any CPU
		{5ADB2B9B-106A-473D-89EE-3915F8D4E4D2}.Debug|Any CPU.Build.0 = Debug|Any CPU
		{5ADB2B9B-106A-473D-89EE-3915F8D4E4D2}.Debug|x64.ActiveCfg = Debug|Any CPU
		{5ADB2B9B-106A-473D-89EE-3915F8D4E4D2}.Debug|x64.Build.0 = Debug|Any CPU
		{5ADB2B9B-106A-473D-89EE-3915F8D4E4D2}.Debug|x86.ActiveCfg = Debug|Any CPU
		{5ADB2B9B-106A-473D-89EE-3915F8D4E4D2}.Debug|x86.Build.0 = Debug|Any CPU
		{5ADB2B9B-106A-473D-89EE-3915F8D4E4D2}.Release|Any CPU.ActiveCfg = Release|Any CPU
		{5ADB2B9B-106A-473D-89EE-3915F8D4E4D2}.Release|Any CPU.Build.0 = Release|Any CPU
		{5ADB2B9B-106A-473D-89EE-3915F8D4E4D2}.Release|x64.ActiveCfg = Release|Any CPU
		{5ADB2B9B-106A-473D-89EE-3915F8D4E4D2}.Release|x64.Build.0 = Release|Any CPU
		{5ADB2B9B-106A-473D-89EE-3915F8D4E4D2}.Release|x86.ActiveCfg = Release|Any CPU
		{5ADB2B9B-106A-473D-89EE-3915F8D4E4D2}.Release|x86.Build.0 = Release|Any CPU
		{62AC1CF9-A6B4-4D99-BFF0-6C2307D7820C}.Debug|Any CPU.ActiveCfg = Debug|Any CPU
		{62AC1CF9-A6B4-4D99-BFF0-6C2307D7820C}.Debug|Any CPU.Build.0 = Debug|Any CPU
		{62AC1CF9-A6B4-4D99-BFF0-6C2307D7820C}.Debug|x64.ActiveCfg = Debug|Any CPU
		{62AC1CF9-A6B4-4D99-BFF0-6C2307D7820C}.Debug|x64.Build.0 = Debug|Any CPU
		{62AC1CF9-A6B4-4D99-BFF0-6C2307D7820C}.Debug|x86.ActiveCfg = Debug|Any CPU
		{62AC1CF9-A6B4-4D99-BFF0-6C2307D7820C}.Debug|x86.Build.0 = Debug|Any CPU
		{62AC1CF9-A6B4-4D99-BFF0-6C2307D7820C}.Release|Any CPU.ActiveCfg = Release|Any CPU
		{62AC1CF9-A6B4-4D99-BFF0-6C2307D7820C}.Release|Any CPU.Build.0 = Release|Any CPU
		{62AC1CF9-A6B4-4D99-BFF0-6C2307D7820C}.Release|x64.ActiveCfg = Release|Any CPU
		{62AC1CF9-A6B4-4D99-BFF0-6C2307D7820C}.Release|x64.Build.0 = Release|Any CPU
		{62AC1CF9-A6B4-4D99-BFF0-6C2307D7820C}.Release|x86.ActiveCfg = Release|Any CPU
		{62AC1CF9-A6B4-4D99-BFF0-6C2307D7820C}.Release|x86.Build.0 = Release|Any CPU
		{B5AFC7E3-4B3A-4066-8DEB-C7CD1CA37E5B}.Debug|Any CPU.ActiveCfg = Debug|Any CPU
		{B5AFC7E3-4B3A-4066-8DEB-C7CD1CA37E5B}.Debug|Any CPU.Build.0 = Debug|Any CPU
		{B5AFC7E3-4B3A-4066-8DEB-C7CD1CA37E5B}.Debug|x64.ActiveCfg = Debug|Any CPU
		{B5AFC7E3-4B3A-4066-8DEB-C7CD1CA37E5B}.Debug|x64.Build.0 = Debug|Any CPU
		{B5AFC7E3-4B3A-4066-8DEB-C7CD1CA37E5B}.Debug|x86.ActiveCfg = Debug|Any CPU
		{B5AFC7E3-4B3A-4066-8DEB-C7CD1CA37E5B}.Debug|x86.Build.0 = Debug|Any CPU
		{B5AFC7E3-4B3A-4066-8DEB-C7CD1CA37E5B}.Release|Any CPU.ActiveCfg = Release|Any CPU
		{B5AFC7E3-4B3A-4066-8DEB-C7CD1CA37E5B}.Release|Any CPU.Build.0 = Release|Any CPU
		{B5AFC7E3-4B3A-4066-8DEB-C7CD1CA37E5B}.Release|x64.ActiveCfg = Release|Any CPU
		{B5AFC7E3-4B3A-4066-8DEB-C7CD1CA37E5B}.Release|x64.Build.0 = Release|Any CPU
		{B5AFC7E3-4B3A-4066-8DEB-C7CD1CA37E5B}.Release|x86.ActiveCfg = Release|Any CPU
		{B5AFC7E3-4B3A-4066-8DEB-C7CD1CA37E5B}.Release|x86.Build.0 = Release|Any CPU
		{5E77D8E3-C8E4-48F7-86B5-8053E813C8DF}.Debug|Any CPU.ActiveCfg = Debug|Any CPU
		{5E77D8E3-C8E4-48F7-86B5-8053E813C8DF}.Debug|Any CPU.Build.0 = Debug|Any CPU
		{5E77D8E3-C8E4-48F7-86B5-8053E813C8DF}.Debug|x64.ActiveCfg = Debug|Any CPU
		{5E77D8E3-C8E4-48F7-86B5-8053E813C8DF}.Debug|x64.Build.0 = Debug|Any CPU
		{5E77D8E3-C8E4-48F7-86B5-8053E813C8DF}.Debug|x86.ActiveCfg = Debug|Any CPU
		{5E77D8E3-C8E4-48F7-86B5-8053E813C8DF}.Debug|x86.Build.0 = Debug|Any CPU
		{5E77D8E3-C8E4-48F7-86B5-8053E813C8DF}.Release|Any CPU.ActiveCfg = Release|Any CPU
		{5E77D8E3-C8E4-48F7-86B5-8053E813C8DF}.Release|Any CPU.Build.0 = Release|Any CPU
		{5E77D8E3-C8E4-48F7-86B5-8053E813C8DF}.Release|x64.ActiveCfg = Release|Any CPU
		{5E77D8E3-C8E4-48F7-86B5-8053E813C8DF}.Release|x64.Build.0 = Release|Any CPU
		{5E77D8E3-C8E4-48F7-86B5-8053E813C8DF}.Release|x86.ActiveCfg = Release|Any CPU
		{5E77D8E3-C8E4-48F7-86B5-8053E813C8DF}.Release|x86.Build.0 = Release|Any CPU
		{E2CD020B-6D1B-4B2E-A7B8-EB6DE9F814B9}.Debug|Any CPU.ActiveCfg = Debug|Any CPU
		{E2CD020B-6D1B-4B2E-A7B8-EB6DE9F814B9}.Debug|Any CPU.Build.0 = Debug|Any CPU
		{E2CD020B-6D1B-4B2E-A7B8-EB6DE9F814B9}.Debug|x64.ActiveCfg = Debug|Any CPU
		{E2CD020B-6D1B-4B2E-A7B8-EB6DE9F814B9}.Debug|x64.Build.0 = Debug|Any CPU
		{E2CD020B-6D1B-4B2E-A7B8-EB6DE9F814B9}.Debug|x86.ActiveCfg = Debug|Any CPU
		{E2CD020B-6D1B-4B2E-A7B8-EB6DE9F814B9}.Debug|x86.Build.0 = Debug|Any CPU
		{E2CD020B-6D1B-4B2E-A7B8-EB6DE9F814B9}.Release|Any CPU.ActiveCfg = Release|Any CPU
		{E2CD020B-6D1B-4B2E-A7B8-EB6DE9F814B9}.Release|Any CPU.Build.0 = Release|Any CPU
		{E2CD020B-6D1B-4B2E-A7B8-EB6DE9F814B9}.Release|x64.ActiveCfg = Release|Any CPU
		{E2CD020B-6D1B-4B2E-A7B8-EB6DE9F814B9}.Release|x64.Build.0 = Release|Any CPU
		{E2CD020B-6D1B-4B2E-A7B8-EB6DE9F814B9}.Release|x86.ActiveCfg = Release|Any CPU
		{E2CD020B-6D1B-4B2E-A7B8-EB6DE9F814B9}.Release|x86.Build.0 = Release|Any CPU
		{BF169125-483E-4129-95A3-C768EB23FBC9}.Debug|Any CPU.ActiveCfg = Debug|Any CPU
		{BF169125-483E-4129-95A3-C768EB23FBC9}.Debug|Any CPU.Build.0 = Debug|Any CPU
		{BF169125-483E-4129-95A3-C768EB23FBC9}.Debug|x64.ActiveCfg = Debug|Any CPU
		{BF169125-483E-4129-95A3-C768EB23FBC9}.Debug|x64.Build.0 = Debug|Any CPU
		{BF169125-483E-4129-95A3-C768EB23FBC9}.Debug|x86.ActiveCfg = Debug|Any CPU
		{BF169125-483E-4129-95A3-C768EB23FBC9}.Debug|x86.Build.0 = Debug|Any CPU
		{BF169125-483E-4129-95A3-C768EB23FBC9}.Release|Any CPU.ActiveCfg = Release|Any CPU
		{BF169125-483E-4129-95A3-C768EB23FBC9}.Release|Any CPU.Build.0 = Release|Any CPU
		{BF169125-483E-4129-95A3-C768EB23FBC9}.Release|x64.ActiveCfg = Release|Any CPU
		{BF169125-483E-4129-95A3-C768EB23FBC9}.Release|x64.Build.0 = Release|Any CPU
		{BF169125-483E-4129-95A3-C768EB23FBC9}.Release|x86.ActiveCfg = Release|Any CPU
		{BF169125-483E-4129-95A3-C768EB23FBC9}.Release|x86.Build.0 = Release|Any CPU
		{09F7FECB-7D80-485F-BD38-65049C4E4590}.Debug|Any CPU.ActiveCfg = Debug|Any CPU
		{09F7FECB-7D80-485F-BD38-65049C4E4590}.Debug|Any CPU.Build.0 = Debug|Any CPU
		{09F7FECB-7D80-485F-BD38-65049C4E4590}.Debug|x64.ActiveCfg = Debug|Any CPU
		{09F7FECB-7D80-485F-BD38-65049C4E4590}.Debug|x64.Build.0 = Debug|Any CPU
		{09F7FECB-7D80-485F-BD38-65049C4E4590}.Debug|x86.ActiveCfg = Debug|Any CPU
		{09F7FECB-7D80-485F-BD38-65049C4E4590}.Debug|x86.Build.0 = Debug|Any CPU
		{09F7FECB-7D80-485F-BD38-65049C4E4590}.Release|Any CPU.ActiveCfg = Release|Any CPU
		{09F7FECB-7D80-485F-BD38-65049C4E4590}.Release|Any CPU.Build.0 = Release|Any CPU
		{09F7FECB-7D80-485F-BD38-65049C4E4590}.Release|x64.ActiveCfg = Release|Any CPU
		{09F7FECB-7D80-485F-BD38-65049C4E4590}.Release|x64.Build.0 = Release|Any CPU
		{09F7FECB-7D80-485F-BD38-65049C4E4590}.Release|x86.ActiveCfg = Release|Any CPU
		{09F7FECB-7D80-485F-BD38-65049C4E4590}.Release|x86.Build.0 = Release|Any CPU
		{DA56EFCE-24FC-4676-900A-D19F9358842B}.Debug|Any CPU.ActiveCfg = Debug|Any CPU
		{DA56EFCE-24FC-4676-900A-D19F9358842B}.Debug|Any CPU.Build.0 = Debug|Any CPU
		{DA56EFCE-24FC-4676-900A-D19F9358842B}.Debug|x64.ActiveCfg = Debug|Any CPU
		{DA56EFCE-24FC-4676-900A-D19F9358842B}.Debug|x64.Build.0 = Debug|Any CPU
		{DA56EFCE-24FC-4676-900A-D19F9358842B}.Debug|x86.ActiveCfg = Debug|Any CPU
		{DA56EFCE-24FC-4676-900A-D19F9358842B}.Debug|x86.Build.0 = Debug|Any CPU
		{DA56EFCE-24FC-4676-900A-D19F9358842B}.Release|Any CPU.ActiveCfg = Release|Any CPU
		{DA56EFCE-24FC-4676-900A-D19F9358842B}.Release|Any CPU.Build.0 = Release|Any CPU
		{DA56EFCE-24FC-4676-900A-D19F9358842B}.Release|x64.ActiveCfg = Release|Any CPU
		{DA56EFCE-24FC-4676-900A-D19F9358842B}.Release|x64.Build.0 = Release|Any CPU
		{DA56EFCE-24FC-4676-900A-D19F9358842B}.Release|x86.ActiveCfg = Release|Any CPU
		{DA56EFCE-24FC-4676-900A-D19F9358842B}.Release|x86.Build.0 = Release|Any CPU
		{AB88CD33-06A5-4C3C-91A9-5E981B353D87}.Debug|Any CPU.ActiveCfg = Debug|Any CPU
		{AB88CD33-06A5-4C3C-91A9-5E981B353D87}.Debug|Any CPU.Build.0 = Debug|Any CPU
		{AB88CD33-06A5-4C3C-91A9-5E981B353D87}.Debug|x64.ActiveCfg = Debug|Any CPU
		{AB88CD33-06A5-4C3C-91A9-5E981B353D87}.Debug|x64.Build.0 = Debug|Any CPU
		{AB88CD33-06A5-4C3C-91A9-5E981B353D87}.Debug|x86.ActiveCfg = Debug|Any CPU
		{AB88CD33-06A5-4C3C-91A9-5E981B353D87}.Debug|x86.Build.0 = Debug|Any CPU
		{AB88CD33-06A5-4C3C-91A9-5E981B353D87}.Release|Any CPU.ActiveCfg = Release|Any CPU
		{AB88CD33-06A5-4C3C-91A9-5E981B353D87}.Release|Any CPU.Build.0 = Release|Any CPU
		{AB88CD33-06A5-4C3C-91A9-5E981B353D87}.Release|x64.ActiveCfg = Release|Any CPU
		{AB88CD33-06A5-4C3C-91A9-5E981B353D87}.Release|x64.Build.0 = Release|Any CPU
		{AB88CD33-06A5-4C3C-91A9-5E981B353D87}.Release|x86.ActiveCfg = Release|Any CPU
		{AB88CD33-06A5-4C3C-91A9-5E981B353D87}.Release|x86.Build.0 = Release|Any CPU
		{EBAFF5F1-3C5B-46C5-BD7A-7BEDB2B359B3}.Debug|Any CPU.ActiveCfg = Debug|Any CPU
		{EBAFF5F1-3C5B-46C5-BD7A-7BEDB2B359B3}.Debug|Any CPU.Build.0 = Debug|Any CPU
		{EBAFF5F1-3C5B-46C5-BD7A-7BEDB2B359B3}.Debug|x64.ActiveCfg = Debug|Any CPU
		{EBAFF5F1-3C5B-46C5-BD7A-7BEDB2B359B3}.Debug|x64.Build.0 = Debug|Any CPU
		{EBAFF5F1-3C5B-46C5-BD7A-7BEDB2B359B3}.Debug|x86.ActiveCfg = Debug|Any CPU
		{EBAFF5F1-3C5B-46C5-BD7A-7BEDB2B359B3}.Debug|x86.Build.0 = Debug|Any CPU
		{EBAFF5F1-3C5B-46C5-BD7A-7BEDB2B359B3}.Release|Any CPU.ActiveCfg = Release|Any CPU
		{EBAFF5F1-3C5B-46C5-BD7A-7BEDB2B359B3}.Release|Any CPU.Build.0 = Release|Any CPU
		{EBAFF5F1-3C5B-46C5-BD7A-7BEDB2B359B3}.Release|x64.ActiveCfg = Release|Any CPU
		{EBAFF5F1-3C5B-46C5-BD7A-7BEDB2B359B3}.Release|x64.Build.0 = Release|Any CPU
		{EBAFF5F1-3C5B-46C5-BD7A-7BEDB2B359B3}.Release|x86.ActiveCfg = Release|Any CPU
		{EBAFF5F1-3C5B-46C5-BD7A-7BEDB2B359B3}.Release|x86.Build.0 = Release|Any CPU
		{1F192D0A-F9E0-47BE-97AE-5B4FAF460137}.Debug|Any CPU.ActiveCfg = Debug|Any CPU
		{1F192D0A-F9E0-47BE-97AE-5B4FAF460137}.Debug|Any CPU.Build.0 = Debug|Any CPU
		{1F192D0A-F9E0-47BE-97AE-5B4FAF460137}.Debug|x64.ActiveCfg = Debug|Any CPU
		{1F192D0A-F9E0-47BE-97AE-5B4FAF460137}.Debug|x64.Build.0 = Debug|Any CPU
		{1F192D0A-F9E0-47BE-97AE-5B4FAF460137}.Debug|x86.ActiveCfg = Debug|Any CPU
		{1F192D0A-F9E0-47BE-97AE-5B4FAF460137}.Debug|x86.Build.0 = Debug|Any CPU
		{1F192D0A-F9E0-47BE-97AE-5B4FAF460137}.Release|Any CPU.ActiveCfg = Release|Any CPU
		{1F192D0A-F9E0-47BE-97AE-5B4FAF460137}.Release|Any CPU.Build.0 = Release|Any CPU
		{1F192D0A-F9E0-47BE-97AE-5B4FAF460137}.Release|x64.ActiveCfg = Release|Any CPU
		{1F192D0A-F9E0-47BE-97AE-5B4FAF460137}.Release|x64.Build.0 = Release|Any CPU
		{1F192D0A-F9E0-47BE-97AE-5B4FAF460137}.Release|x86.ActiveCfg = Release|Any CPU
		{1F192D0A-F9E0-47BE-97AE-5B4FAF460137}.Release|x86.Build.0 = Release|Any CPU
		{7BA22680-2BED-4663-938D-152C9585DD92}.Debug|Any CPU.ActiveCfg = Debug|Any CPU
		{7BA22680-2BED-4663-938D-152C9585DD92}.Debug|Any CPU.Build.0 = Debug|Any CPU
		{7BA22680-2BED-4663-938D-152C9585DD92}.Debug|x64.ActiveCfg = Debug|Any CPU
		{7BA22680-2BED-4663-938D-152C9585DD92}.Debug|x64.Build.0 = Debug|Any CPU
		{7BA22680-2BED-4663-938D-152C9585DD92}.Debug|x86.ActiveCfg = Debug|Any CPU
		{7BA22680-2BED-4663-938D-152C9585DD92}.Debug|x86.Build.0 = Debug|Any CPU
		{7BA22680-2BED-4663-938D-152C9585DD92}.Release|Any CPU.ActiveCfg = Release|Any CPU
		{7BA22680-2BED-4663-938D-152C9585DD92}.Release|Any CPU.Build.0 = Release|Any CPU
		{7BA22680-2BED-4663-938D-152C9585DD92}.Release|x64.ActiveCfg = Release|Any CPU
		{7BA22680-2BED-4663-938D-152C9585DD92}.Release|x64.Build.0 = Release|Any CPU
		{7BA22680-2BED-4663-938D-152C9585DD92}.Release|x86.ActiveCfg = Release|Any CPU
		{7BA22680-2BED-4663-938D-152C9585DD92}.Release|x86.Build.0 = Release|Any CPU
		{1CA467DC-4B7B-4DCA-B633-9A543DA9DE28}.Debug|Any CPU.ActiveCfg = Debug|Any CPU
		{1CA467DC-4B7B-4DCA-B633-9A543DA9DE28}.Debug|Any CPU.Build.0 = Debug|Any CPU
		{1CA467DC-4B7B-4DCA-B633-9A543DA9DE28}.Debug|x64.ActiveCfg = Debug|Any CPU
		{1CA467DC-4B7B-4DCA-B633-9A543DA9DE28}.Debug|x64.Build.0 = Debug|Any CPU
		{1CA467DC-4B7B-4DCA-B633-9A543DA9DE28}.Debug|x86.ActiveCfg = Debug|Any CPU
		{1CA467DC-4B7B-4DCA-B633-9A543DA9DE28}.Debug|x86.Build.0 = Debug|Any CPU
		{1CA467DC-4B7B-4DCA-B633-9A543DA9DE28}.Release|Any CPU.ActiveCfg = Release|Any CPU
		{1CA467DC-4B7B-4DCA-B633-9A543DA9DE28}.Release|Any CPU.Build.0 = Release|Any CPU
		{1CA467DC-4B7B-4DCA-B633-9A543DA9DE28}.Release|x64.ActiveCfg = Release|Any CPU
		{1CA467DC-4B7B-4DCA-B633-9A543DA9DE28}.Release|x64.Build.0 = Release|Any CPU
		{1CA467DC-4B7B-4DCA-B633-9A543DA9DE28}.Release|x86.ActiveCfg = Release|Any CPU
		{1CA467DC-4B7B-4DCA-B633-9A543DA9DE28}.Release|x86.Build.0 = Release|Any CPU
		{40531C93-8C87-474B-B9FB-2E5AEB383B73}.Debug|Any CPU.ActiveCfg = Debug|Any CPU
		{40531C93-8C87-474B-B9FB-2E5AEB383B73}.Debug|Any CPU.Build.0 = Debug|Any CPU
		{40531C93-8C87-474B-B9FB-2E5AEB383B73}.Debug|x64.ActiveCfg = Debug|Any CPU
		{40531C93-8C87-474B-B9FB-2E5AEB383B73}.Debug|x64.Build.0 = Debug|Any CPU
		{40531C93-8C87-474B-B9FB-2E5AEB383B73}.Debug|x86.ActiveCfg = Debug|Any CPU
		{40531C93-8C87-474B-B9FB-2E5AEB383B73}.Debug|x86.Build.0 = Debug|Any CPU
		{40531C93-8C87-474B-B9FB-2E5AEB383B73}.Release|Any CPU.ActiveCfg = Release|Any CPU
		{40531C93-8C87-474B-B9FB-2E5AEB383B73}.Release|Any CPU.Build.0 = Release|Any CPU
		{40531C93-8C87-474B-B9FB-2E5AEB383B73}.Release|x64.ActiveCfg = Release|Any CPU
		{40531C93-8C87-474B-B9FB-2E5AEB383B73}.Release|x64.Build.0 = Release|Any CPU
		{40531C93-8C87-474B-B9FB-2E5AEB383B73}.Release|x86.ActiveCfg = Release|Any CPU
		{40531C93-8C87-474B-B9FB-2E5AEB383B73}.Release|x86.Build.0 = Release|Any CPU
		{4E1D818F-0D46-46C8-94B9-DC032C9E6604}.Debug|Any CPU.ActiveCfg = Debug|Any CPU
		{4E1D818F-0D46-46C8-94B9-DC032C9E6604}.Debug|Any CPU.Build.0 = Debug|Any CPU
		{4E1D818F-0D46-46C8-94B9-DC032C9E6604}.Debug|x64.ActiveCfg = Debug|Any CPU
		{4E1D818F-0D46-46C8-94B9-DC032C9E6604}.Debug|x64.Build.0 = Debug|Any CPU
		{4E1D818F-0D46-46C8-94B9-DC032C9E6604}.Debug|x86.ActiveCfg = Debug|Any CPU
		{4E1D818F-0D46-46C8-94B9-DC032C9E6604}.Debug|x86.Build.0 = Debug|Any CPU
		{4E1D818F-0D46-46C8-94B9-DC032C9E6604}.Release|Any CPU.ActiveCfg = Release|Any CPU
		{4E1D818F-0D46-46C8-94B9-DC032C9E6604}.Release|Any CPU.Build.0 = Release|Any CPU
		{4E1D818F-0D46-46C8-94B9-DC032C9E6604}.Release|x64.ActiveCfg = Release|Any CPU
		{4E1D818F-0D46-46C8-94B9-DC032C9E6604}.Release|x64.Build.0 = Release|Any CPU
		{4E1D818F-0D46-46C8-94B9-DC032C9E6604}.Release|x86.ActiveCfg = Release|Any CPU
		{4E1D818F-0D46-46C8-94B9-DC032C9E6604}.Release|x86.Build.0 = Release|Any CPU
		{C84F628F-B8CB-416D-B960-E7B8F9887D41}.Debug|Any CPU.ActiveCfg = Debug|Any CPU
		{C84F628F-B8CB-416D-B960-E7B8F9887D41}.Debug|Any CPU.Build.0 = Debug|Any CPU
		{C84F628F-B8CB-416D-B960-E7B8F9887D41}.Debug|x64.ActiveCfg = Debug|Any CPU
		{C84F628F-B8CB-416D-B960-E7B8F9887D41}.Debug|x64.Build.0 = Debug|Any CPU
		{C84F628F-B8CB-416D-B960-E7B8F9887D41}.Debug|x86.ActiveCfg = Debug|Any CPU
		{C84F628F-B8CB-416D-B960-E7B8F9887D41}.Debug|x86.Build.0 = Debug|Any CPU
		{C84F628F-B8CB-416D-B960-E7B8F9887D41}.Release|Any CPU.ActiveCfg = Release|Any CPU
		{C84F628F-B8CB-416D-B960-E7B8F9887D41}.Release|Any CPU.Build.0 = Release|Any CPU
		{C84F628F-B8CB-416D-B960-E7B8F9887D41}.Release|x64.ActiveCfg = Release|Any CPU
		{C84F628F-B8CB-416D-B960-E7B8F9887D41}.Release|x64.Build.0 = Release|Any CPU
		{C84F628F-B8CB-416D-B960-E7B8F9887D41}.Release|x86.ActiveCfg = Release|Any CPU
		{C84F628F-B8CB-416D-B960-E7B8F9887D41}.Release|x86.Build.0 = Release|Any CPU
		{1E72C7B5-C19C-44AB-AE58-639EF71534D7}.Debug|Any CPU.ActiveCfg = Debug|x64
		{1E72C7B5-C19C-44AB-AE58-639EF71534D7}.Debug|Any CPU.Build.0 = Debug|x64
		{1E72C7B5-C19C-44AB-AE58-639EF71534D7}.Debug|x64.ActiveCfg = Debug|x64
		{1E72C7B5-C19C-44AB-AE58-639EF71534D7}.Debug|x64.Build.0 = Debug|x64
		{1E72C7B5-C19C-44AB-AE58-639EF71534D7}.Debug|x86.ActiveCfg = Debug|Win32
		{1E72C7B5-C19C-44AB-AE58-639EF71534D7}.Debug|x86.Build.0 = Debug|Win32
		{1E72C7B5-C19C-44AB-AE58-639EF71534D7}.Release|Any CPU.ActiveCfg = Release|x64
		{1E72C7B5-C19C-44AB-AE58-639EF71534D7}.Release|Any CPU.Build.0 = Release|x64
		{1E72C7B5-C19C-44AB-AE58-639EF71534D7}.Release|x64.ActiveCfg = Release|x64
		{1E72C7B5-C19C-44AB-AE58-639EF71534D7}.Release|x64.Build.0 = Release|x64
		{1E72C7B5-C19C-44AB-AE58-639EF71534D7}.Release|x86.ActiveCfg = Release|Win32
		{1E72C7B5-C19C-44AB-AE58-639EF71534D7}.Release|x86.Build.0 = Release|Win32
		{18761BA6-D048-430C-A148-216C2EC57489}.Debug|Any CPU.ActiveCfg = Debug|x64
		{18761BA6-D048-430C-A148-216C2EC57489}.Debug|Any CPU.Build.0 = Debug|x64
		{18761BA6-D048-430C-A148-216C2EC57489}.Debug|x64.ActiveCfg = Debug|x64
		{18761BA6-D048-430C-A148-216C2EC57489}.Debug|x64.Build.0 = Debug|x64
		{18761BA6-D048-430C-A148-216C2EC57489}.Debug|x86.ActiveCfg = Debug|Win32
		{18761BA6-D048-430C-A148-216C2EC57489}.Debug|x86.Build.0 = Debug|Win32
		{18761BA6-D048-430C-A148-216C2EC57489}.Release|Any CPU.ActiveCfg = Release|x64
		{18761BA6-D048-430C-A148-216C2EC57489}.Release|Any CPU.Build.0 = Release|x64
		{18761BA6-D048-430C-A148-216C2EC57489}.Release|x64.ActiveCfg = Release|x64
		{18761BA6-D048-430C-A148-216C2EC57489}.Release|x64.Build.0 = Release|x64
		{18761BA6-D048-430C-A148-216C2EC57489}.Release|x86.ActiveCfg = Release|Win32
		{18761BA6-D048-430C-A148-216C2EC57489}.Release|x86.Build.0 = Release|Win32
		{09F40271-8280-47CF-8AC2-A16B5FC62428}.Debug|Any CPU.ActiveCfg = Debug|x64
		{09F40271-8280-47CF-8AC2-A16B5FC62428}.Debug|Any CPU.Build.0 = Debug|x64
		{09F40271-8280-47CF-8AC2-A16B5FC62428}.Debug|x64.ActiveCfg = Debug|x64
		{09F40271-8280-47CF-8AC2-A16B5FC62428}.Debug|x64.Build.0 = Debug|x64
		{09F40271-8280-47CF-8AC2-A16B5FC62428}.Debug|x86.ActiveCfg = Debug|Win32
		{09F40271-8280-47CF-8AC2-A16B5FC62428}.Debug|x86.Build.0 = Debug|Win32
		{09F40271-8280-47CF-8AC2-A16B5FC62428}.Release|Any CPU.ActiveCfg = Release|x64
		{09F40271-8280-47CF-8AC2-A16B5FC62428}.Release|Any CPU.Build.0 = Release|x64
		{09F40271-8280-47CF-8AC2-A16B5FC62428}.Release|x64.ActiveCfg = Release|x64
		{09F40271-8280-47CF-8AC2-A16B5FC62428}.Release|x64.Build.0 = Release|x64
		{09F40271-8280-47CF-8AC2-A16B5FC62428}.Release|x86.ActiveCfg = Release|Win32
		{09F40271-8280-47CF-8AC2-A16B5FC62428}.Release|x86.Build.0 = Release|Win32
		{C2D0746F-1794-4CBB-BB98-1579017D327E}.Debug|Any CPU.ActiveCfg = Debug|x64
		{C2D0746F-1794-4CBB-BB98-1579017D327E}.Debug|Any CPU.Build.0 = Debug|x64
		{C2D0746F-1794-4CBB-BB98-1579017D327E}.Debug|x64.ActiveCfg = Debug|x64
		{C2D0746F-1794-4CBB-BB98-1579017D327E}.Debug|x64.Build.0 = Debug|x64
		{C2D0746F-1794-4CBB-BB98-1579017D327E}.Debug|x86.ActiveCfg = Debug|Win32
		{C2D0746F-1794-4CBB-BB98-1579017D327E}.Debug|x86.Build.0 = Debug|Win32
		{C2D0746F-1794-4CBB-BB98-1579017D327E}.Release|Any CPU.ActiveCfg = Release|x64
		{C2D0746F-1794-4CBB-BB98-1579017D327E}.Release|Any CPU.Build.0 = Release|x64
		{C2D0746F-1794-4CBB-BB98-1579017D327E}.Release|x64.ActiveCfg = Release|x64
		{C2D0746F-1794-4CBB-BB98-1579017D327E}.Release|x64.Build.0 = Release|x64
		{C2D0746F-1794-4CBB-BB98-1579017D327E}.Release|x86.ActiveCfg = Release|Win32
		{C2D0746F-1794-4CBB-BB98-1579017D327E}.Release|x86.Build.0 = Release|Win32
		{47A533E4-3000-4E8E-BB63-82B035B07B5F}.Debug|Any CPU.ActiveCfg = Debug|Any CPU
		{47A533E4-3000-4E8E-BB63-82B035B07B5F}.Debug|Any CPU.Build.0 = Debug|Any CPU
		{47A533E4-3000-4E8E-BB63-82B035B07B5F}.Debug|x64.ActiveCfg = Debug|Any CPU
		{47A533E4-3000-4E8E-BB63-82B035B07B5F}.Debug|x64.Build.0 = Debug|Any CPU
		{47A533E4-3000-4E8E-BB63-82B035B07B5F}.Debug|x86.ActiveCfg = Debug|Any CPU
		{47A533E4-3000-4E8E-BB63-82B035B07B5F}.Debug|x86.Build.0 = Debug|Any CPU
		{47A533E4-3000-4E8E-BB63-82B035B07B5F}.Release|Any CPU.ActiveCfg = Release|Any CPU
		{47A533E4-3000-4E8E-BB63-82B035B07B5F}.Release|Any CPU.Build.0 = Release|Any CPU
		{47A533E4-3000-4E8E-BB63-82B035B07B5F}.Release|x64.ActiveCfg = Release|Any CPU
		{47A533E4-3000-4E8E-BB63-82B035B07B5F}.Release|x64.Build.0 = Release|Any CPU
		{47A533E4-3000-4E8E-BB63-82B035B07B5F}.Release|x86.ActiveCfg = Release|Any CPU
		{47A533E4-3000-4E8E-BB63-82B035B07B5F}.Release|x86.Build.0 = Release|Any CPU
		{7605BB7F-3722-4013-9C38-9863A57E9C65}.Debug|Any CPU.ActiveCfg = Debug|Any CPU
		{7605BB7F-3722-4013-9C38-9863A57E9C65}.Debug|Any CPU.Build.0 = Debug|Any CPU
		{7605BB7F-3722-4013-9C38-9863A57E9C65}.Debug|x64.ActiveCfg = Debug|Any CPU
		{7605BB7F-3722-4013-9C38-9863A57E9C65}.Debug|x64.Build.0 = Debug|Any CPU
		{7605BB7F-3722-4013-9C38-9863A57E9C65}.Debug|x86.ActiveCfg = Debug|Any CPU
		{7605BB7F-3722-4013-9C38-9863A57E9C65}.Debug|x86.Build.0 = Debug|Any CPU
		{7605BB7F-3722-4013-9C38-9863A57E9C65}.Release|Any CPU.ActiveCfg = Release|Any CPU
		{7605BB7F-3722-4013-9C38-9863A57E9C65}.Release|Any CPU.Build.0 = Release|Any CPU
		{7605BB7F-3722-4013-9C38-9863A57E9C65}.Release|x64.ActiveCfg = Release|Any CPU
		{7605BB7F-3722-4013-9C38-9863A57E9C65}.Release|x64.Build.0 = Release|Any CPU
		{7605BB7F-3722-4013-9C38-9863A57E9C65}.Release|x86.ActiveCfg = Release|Any CPU
		{7605BB7F-3722-4013-9C38-9863A57E9C65}.Release|x86.Build.0 = Release|Any CPU
		{50A4C6FD-8171-4621-8D17-0065ACA6D345}.Debug|Any CPU.ActiveCfg = Debug|Any CPU
		{50A4C6FD-8171-4621-8D17-0065ACA6D345}.Debug|Any CPU.Build.0 = Debug|Any CPU
		{50A4C6FD-8171-4621-8D17-0065ACA6D345}.Debug|x64.ActiveCfg = Debug|Any CPU
		{50A4C6FD-8171-4621-8D17-0065ACA6D345}.Debug|x64.Build.0 = Debug|Any CPU
		{50A4C6FD-8171-4621-8D17-0065ACA6D345}.Debug|x86.ActiveCfg = Debug|Any CPU
		{50A4C6FD-8171-4621-8D17-0065ACA6D345}.Debug|x86.Build.0 = Debug|Any CPU
		{50A4C6FD-8171-4621-8D17-0065ACA6D345}.Release|Any CPU.ActiveCfg = Release|Any CPU
		{50A4C6FD-8171-4621-8D17-0065ACA6D345}.Release|Any CPU.Build.0 = Release|Any CPU
		{50A4C6FD-8171-4621-8D17-0065ACA6D345}.Release|x64.ActiveCfg = Release|Any CPU
		{50A4C6FD-8171-4621-8D17-0065ACA6D345}.Release|x64.Build.0 = Release|Any CPU
		{50A4C6FD-8171-4621-8D17-0065ACA6D345}.Release|x86.ActiveCfg = Release|Any CPU
		{50A4C6FD-8171-4621-8D17-0065ACA6D345}.Release|x86.Build.0 = Release|Any CPU
		{405DA0C4-5F98-4C8A-B37A-809EB453EEE0}.Debug|Any CPU.ActiveCfg = Debug|Any CPU
		{405DA0C4-5F98-4C8A-B37A-809EB453EEE0}.Debug|Any CPU.Build.0 = Debug|Any CPU
		{405DA0C4-5F98-4C8A-B37A-809EB453EEE0}.Debug|x64.ActiveCfg = Debug|Any CPU
		{405DA0C4-5F98-4C8A-B37A-809EB453EEE0}.Debug|x64.Build.0 = Debug|Any CPU
		{405DA0C4-5F98-4C8A-B37A-809EB453EEE0}.Debug|x86.ActiveCfg = Debug|Any CPU
		{405DA0C4-5F98-4C8A-B37A-809EB453EEE0}.Debug|x86.Build.0 = Debug|Any CPU
		{405DA0C4-5F98-4C8A-B37A-809EB453EEE0}.Release|Any CPU.ActiveCfg = Release|Any CPU
		{405DA0C4-5F98-4C8A-B37A-809EB453EEE0}.Release|Any CPU.Build.0 = Release|Any CPU
		{405DA0C4-5F98-4C8A-B37A-809EB453EEE0}.Release|x64.ActiveCfg = Release|Any CPU
		{405DA0C4-5F98-4C8A-B37A-809EB453EEE0}.Release|x64.Build.0 = Release|Any CPU
		{405DA0C4-5F98-4C8A-B37A-809EB453EEE0}.Release|x86.ActiveCfg = Release|Any CPU
		{405DA0C4-5F98-4C8A-B37A-809EB453EEE0}.Release|x86.Build.0 = Release|Any CPU
		{48B3245A-D208-4709-884C-D2BBDA427007}.Debug|Any CPU.ActiveCfg = Debug|Any CPU
		{48B3245A-D208-4709-884C-D2BBDA427007}.Debug|Any CPU.Build.0 = Debug|Any CPU
		{48B3245A-D208-4709-884C-D2BBDA427007}.Debug|x64.ActiveCfg = Debug|Any CPU
		{48B3245A-D208-4709-884C-D2BBDA427007}.Debug|x64.Build.0 = Debug|Any CPU
		{48B3245A-D208-4709-884C-D2BBDA427007}.Debug|x86.ActiveCfg = Debug|Any CPU
		{48B3245A-D208-4709-884C-D2BBDA427007}.Debug|x86.Build.0 = Debug|Any CPU
		{48B3245A-D208-4709-884C-D2BBDA427007}.Release|Any CPU.ActiveCfg = Release|Any CPU
		{48B3245A-D208-4709-884C-D2BBDA427007}.Release|Any CPU.Build.0 = Release|Any CPU
		{48B3245A-D208-4709-884C-D2BBDA427007}.Release|x64.ActiveCfg = Release|Any CPU
		{48B3245A-D208-4709-884C-D2BBDA427007}.Release|x64.Build.0 = Release|Any CPU
		{48B3245A-D208-4709-884C-D2BBDA427007}.Release|x86.ActiveCfg = Release|Any CPU
		{48B3245A-D208-4709-884C-D2BBDA427007}.Release|x86.Build.0 = Release|Any CPU
		{9B25E281-7F68-477A-841B-95F0765EEB52}.Debug|Any CPU.ActiveCfg = Debug|Any CPU
		{9B25E281-7F68-477A-841B-95F0765EEB52}.Debug|Any CPU.Build.0 = Debug|Any CPU
		{9B25E281-7F68-477A-841B-95F0765EEB52}.Debug|x64.ActiveCfg = Debug|Any CPU
		{9B25E281-7F68-477A-841B-95F0765EEB52}.Debug|x64.Build.0 = Debug|Any CPU
		{9B25E281-7F68-477A-841B-95F0765EEB52}.Debug|x86.ActiveCfg = Debug|Any CPU
		{9B25E281-7F68-477A-841B-95F0765EEB52}.Debug|x86.Build.0 = Debug|Any CPU
		{9B25E281-7F68-477A-841B-95F0765EEB52}.Release|Any CPU.ActiveCfg = Release|Any CPU
		{9B25E281-7F68-477A-841B-95F0765EEB52}.Release|Any CPU.Build.0 = Release|Any CPU
		{9B25E281-7F68-477A-841B-95F0765EEB52}.Release|x64.ActiveCfg = Release|Any CPU
		{9B25E281-7F68-477A-841B-95F0765EEB52}.Release|x64.Build.0 = Release|Any CPU
		{9B25E281-7F68-477A-841B-95F0765EEB52}.Release|x86.ActiveCfg = Release|Any CPU
		{9B25E281-7F68-477A-841B-95F0765EEB52}.Release|x86.Build.0 = Release|Any CPU
		{08E36745-C4A0-4431-8397-7FC75EED7504}.Debug|Any CPU.ActiveCfg = Debug|Any CPU
		{08E36745-C4A0-4431-8397-7FC75EED7504}.Debug|Any CPU.Build.0 = Debug|Any CPU
		{08E36745-C4A0-4431-8397-7FC75EED7504}.Debug|x64.ActiveCfg = Debug|Any CPU
		{08E36745-C4A0-4431-8397-7FC75EED7504}.Debug|x64.Build.0 = Debug|Any CPU
		{08E36745-C4A0-4431-8397-7FC75EED7504}.Debug|x86.ActiveCfg = Debug|Any CPU
		{08E36745-C4A0-4431-8397-7FC75EED7504}.Debug|x86.Build.0 = Debug|Any CPU
		{08E36745-C4A0-4431-8397-7FC75EED7504}.Release|Any CPU.ActiveCfg = Release|Any CPU
		{08E36745-C4A0-4431-8397-7FC75EED7504}.Release|Any CPU.Build.0 = Release|Any CPU
		{08E36745-C4A0-4431-8397-7FC75EED7504}.Release|x64.ActiveCfg = Release|Any CPU
		{08E36745-C4A0-4431-8397-7FC75EED7504}.Release|x64.Build.0 = Release|Any CPU
		{08E36745-C4A0-4431-8397-7FC75EED7504}.Release|x86.ActiveCfg = Release|Any CPU
		{08E36745-C4A0-4431-8397-7FC75EED7504}.Release|x86.Build.0 = Release|Any CPU
		{8AB44078-5C89-43DE-A17E-1CC88DA3A8A4}.Debug|Any CPU.ActiveCfg = Debug|Any CPU
		{8AB44078-5C89-43DE-A17E-1CC88DA3A8A4}.Debug|Any CPU.Build.0 = Debug|Any CPU
		{8AB44078-5C89-43DE-A17E-1CC88DA3A8A4}.Debug|x64.ActiveCfg = Debug|Any CPU
		{8AB44078-5C89-43DE-A17E-1CC88DA3A8A4}.Debug|x64.Build.0 = Debug|Any CPU
		{8AB44078-5C89-43DE-A17E-1CC88DA3A8A4}.Debug|x86.ActiveCfg = Debug|Any CPU
		{8AB44078-5C89-43DE-A17E-1CC88DA3A8A4}.Debug|x86.Build.0 = Debug|Any CPU
		{8AB44078-5C89-43DE-A17E-1CC88DA3A8A4}.Release|Any CPU.ActiveCfg = Release|Any CPU
		{8AB44078-5C89-43DE-A17E-1CC88DA3A8A4}.Release|Any CPU.Build.0 = Release|Any CPU
		{8AB44078-5C89-43DE-A17E-1CC88DA3A8A4}.Release|x64.ActiveCfg = Release|Any CPU
		{8AB44078-5C89-43DE-A17E-1CC88DA3A8A4}.Release|x64.Build.0 = Release|Any CPU
		{8AB44078-5C89-43DE-A17E-1CC88DA3A8A4}.Release|x86.ActiveCfg = Release|Any CPU
		{8AB44078-5C89-43DE-A17E-1CC88DA3A8A4}.Release|x86.Build.0 = Release|Any CPU
		{28FBAF46-ECB6-4302-B95B-3942D68B8151}.Debug|Any CPU.ActiveCfg = Debug|Any CPU
		{28FBAF46-ECB6-4302-B95B-3942D68B8151}.Debug|Any CPU.Build.0 = Debug|Any CPU
		{28FBAF46-ECB6-4302-B95B-3942D68B8151}.Debug|x64.ActiveCfg = Debug|Any CPU
		{28FBAF46-ECB6-4302-B95B-3942D68B8151}.Debug|x64.Build.0 = Debug|Any CPU
		{28FBAF46-ECB6-4302-B95B-3942D68B8151}.Debug|x86.ActiveCfg = Debug|Any CPU
		{28FBAF46-ECB6-4302-B95B-3942D68B8151}.Debug|x86.Build.0 = Debug|Any CPU
		{28FBAF46-ECB6-4302-B95B-3942D68B8151}.Release|Any CPU.ActiveCfg = Release|Any CPU
		{28FBAF46-ECB6-4302-B95B-3942D68B8151}.Release|Any CPU.Build.0 = Release|Any CPU
		{28FBAF46-ECB6-4302-B95B-3942D68B8151}.Release|x64.ActiveCfg = Release|Any CPU
		{28FBAF46-ECB6-4302-B95B-3942D68B8151}.Release|x64.Build.0 = Release|Any CPU
		{28FBAF46-ECB6-4302-B95B-3942D68B8151}.Release|x86.ActiveCfg = Release|Any CPU
		{28FBAF46-ECB6-4302-B95B-3942D68B8151}.Release|x86.Build.0 = Release|Any CPU
		{AD7C32D8-64DF-475E-BD56-AC2E3D9C8C21}.Debug|Any CPU.ActiveCfg = Debug|Any CPU
		{AD7C32D8-64DF-475E-BD56-AC2E3D9C8C21}.Debug|Any CPU.Build.0 = Debug|Any CPU
		{AD7C32D8-64DF-475E-BD56-AC2E3D9C8C21}.Debug|x64.ActiveCfg = Debug|Any CPU
		{AD7C32D8-64DF-475E-BD56-AC2E3D9C8C21}.Debug|x64.Build.0 = Debug|Any CPU
		{AD7C32D8-64DF-475E-BD56-AC2E3D9C8C21}.Debug|x86.ActiveCfg = Debug|Any CPU
		{AD7C32D8-64DF-475E-BD56-AC2E3D9C8C21}.Debug|x86.Build.0 = Debug|Any CPU
		{AD7C32D8-64DF-475E-BD56-AC2E3D9C8C21}.Release|Any CPU.ActiveCfg = Release|Any CPU
		{AD7C32D8-64DF-475E-BD56-AC2E3D9C8C21}.Release|Any CPU.Build.0 = Release|Any CPU
		{AD7C32D8-64DF-475E-BD56-AC2E3D9C8C21}.Release|x64.ActiveCfg = Release|Any CPU
		{AD7C32D8-64DF-475E-BD56-AC2E3D9C8C21}.Release|x64.Build.0 = Release|Any CPU
		{AD7C32D8-64DF-475E-BD56-AC2E3D9C8C21}.Release|x86.ActiveCfg = Release|Any CPU
		{AD7C32D8-64DF-475E-BD56-AC2E3D9C8C21}.Release|x86.Build.0 = Release|Any CPU
		{C1CFC18F-AA9C-4418-BCF7-49683A0B1173}.Debug|Any CPU.ActiveCfg = Debug|Any CPU
		{C1CFC18F-AA9C-4418-BCF7-49683A0B1173}.Debug|Any CPU.Build.0 = Debug|Any CPU
		{C1CFC18F-AA9C-4418-BCF7-49683A0B1173}.Debug|x64.ActiveCfg = Debug|Any CPU
		{C1CFC18F-AA9C-4418-BCF7-49683A0B1173}.Debug|x64.Build.0 = Debug|Any CPU
		{C1CFC18F-AA9C-4418-BCF7-49683A0B1173}.Debug|x86.ActiveCfg = Debug|Any CPU
		{C1CFC18F-AA9C-4418-BCF7-49683A0B1173}.Debug|x86.Build.0 = Debug|Any CPU
		{C1CFC18F-AA9C-4418-BCF7-49683A0B1173}.Release|Any CPU.ActiveCfg = Release|Any CPU
		{C1CFC18F-AA9C-4418-BCF7-49683A0B1173}.Release|Any CPU.Build.0 = Release|Any CPU
		{C1CFC18F-AA9C-4418-BCF7-49683A0B1173}.Release|x64.ActiveCfg = Release|Any CPU
		{C1CFC18F-AA9C-4418-BCF7-49683A0B1173}.Release|x64.Build.0 = Release|Any CPU
		{C1CFC18F-AA9C-4418-BCF7-49683A0B1173}.Release|x86.ActiveCfg = Release|Any CPU
		{C1CFC18F-AA9C-4418-BCF7-49683A0B1173}.Release|x86.Build.0 = Release|Any CPU
		{4502E640-A3B9-4C77-AECC-C7D27D26F3C9}.Debug|Any CPU.ActiveCfg = Debug|Any CPU
		{4502E640-A3B9-4C77-AECC-C7D27D26F3C9}.Debug|Any CPU.Build.0 = Debug|Any CPU
		{4502E640-A3B9-4C77-AECC-C7D27D26F3C9}.Debug|x64.ActiveCfg = Debug|Any CPU
		{4502E640-A3B9-4C77-AECC-C7D27D26F3C9}.Debug|x64.Build.0 = Debug|Any CPU
		{4502E640-A3B9-4C77-AECC-C7D27D26F3C9}.Debug|x86.ActiveCfg = Debug|Any CPU
		{4502E640-A3B9-4C77-AECC-C7D27D26F3C9}.Debug|x86.Build.0 = Debug|Any CPU
		{4502E640-A3B9-4C77-AECC-C7D27D26F3C9}.Release|Any CPU.ActiveCfg = Release|Any CPU
		{4502E640-A3B9-4C77-AECC-C7D27D26F3C9}.Release|Any CPU.Build.0 = Release|Any CPU
		{4502E640-A3B9-4C77-AECC-C7D27D26F3C9}.Release|x64.ActiveCfg = Release|Any CPU
		{4502E640-A3B9-4C77-AECC-C7D27D26F3C9}.Release|x64.Build.0 = Release|Any CPU
		{4502E640-A3B9-4C77-AECC-C7D27D26F3C9}.Release|x86.ActiveCfg = Release|Any CPU
		{4502E640-A3B9-4C77-AECC-C7D27D26F3C9}.Release|x86.Build.0 = Release|Any CPU
		{A2CA9F12-F830-40AA-B641-AADF9E90E337}.Debug|Any CPU.ActiveCfg = Debug|Any CPU
		{A2CA9F12-F830-40AA-B641-AADF9E90E337}.Debug|Any CPU.Build.0 = Debug|Any CPU
		{A2CA9F12-F830-40AA-B641-AADF9E90E337}.Debug|x64.ActiveCfg = Debug|Any CPU
		{A2CA9F12-F830-40AA-B641-AADF9E90E337}.Debug|x64.Build.0 = Debug|Any CPU
		{A2CA9F12-F830-40AA-B641-AADF9E90E337}.Debug|x86.ActiveCfg = Debug|Any CPU
		{A2CA9F12-F830-40AA-B641-AADF9E90E337}.Debug|x86.Build.0 = Debug|Any CPU
		{A2CA9F12-F830-40AA-B641-AADF9E90E337}.Release|Any CPU.ActiveCfg = Release|Any CPU
		{A2CA9F12-F830-40AA-B641-AADF9E90E337}.Release|Any CPU.Build.0 = Release|Any CPU
		{A2CA9F12-F830-40AA-B641-AADF9E90E337}.Release|x64.ActiveCfg = Release|Any CPU
		{A2CA9F12-F830-40AA-B641-AADF9E90E337}.Release|x64.Build.0 = Release|Any CPU
		{A2CA9F12-F830-40AA-B641-AADF9E90E337}.Release|x86.ActiveCfg = Release|Any CPU
		{A2CA9F12-F830-40AA-B641-AADF9E90E337}.Release|x86.Build.0 = Release|Any CPU
		{F2B62904-BCE3-407E-A3A3-DB0D3B97B05C}.Debug|Any CPU.ActiveCfg = Debug|Any CPU
		{F2B62904-BCE3-407E-A3A3-DB0D3B97B05C}.Debug|Any CPU.Build.0 = Debug|Any CPU
		{F2B62904-BCE3-407E-A3A3-DB0D3B97B05C}.Debug|x64.ActiveCfg = Debug|Any CPU
		{F2B62904-BCE3-407E-A3A3-DB0D3B97B05C}.Debug|x64.Build.0 = Debug|Any CPU
		{F2B62904-BCE3-407E-A3A3-DB0D3B97B05C}.Debug|x86.ActiveCfg = Debug|Any CPU
		{F2B62904-BCE3-407E-A3A3-DB0D3B97B05C}.Debug|x86.Build.0 = Debug|Any CPU
		{F2B62904-BCE3-407E-A3A3-DB0D3B97B05C}.Release|Any CPU.ActiveCfg = Release|Any CPU
		{F2B62904-BCE3-407E-A3A3-DB0D3B97B05C}.Release|Any CPU.Build.0 = Release|Any CPU
		{F2B62904-BCE3-407E-A3A3-DB0D3B97B05C}.Release|x64.ActiveCfg = Release|Any CPU
		{F2B62904-BCE3-407E-A3A3-DB0D3B97B05C}.Release|x64.Build.0 = Release|Any CPU
		{F2B62904-BCE3-407E-A3A3-DB0D3B97B05C}.Release|x86.ActiveCfg = Release|Any CPU
		{F2B62904-BCE3-407E-A3A3-DB0D3B97B05C}.Release|x86.Build.0 = Release|Any CPU
	EndGlobalSection
	GlobalSection(SolutionProperties) = preSolution
		HideSolutionNode = FALSE
	EndGlobalSection
	GlobalSection(ExtensibilityGlobals) = postSolution
		SolutionGuid = {C457987A-7015-4C99-A795-F5F2F40F48EA}
	EndGlobalSection
EndGlobal
